
Microsoft Visual Studio Solution File, Format Version 12.00
# Visual Studio Version 16
VisualStudioVersion = 16.0.30907.101
MinimumVisualStudioVersion = 10.0.40219.1
Project("{FAE04EC0-301F-11D3-BF4B-00C04F79EFBC}") = "CMCI", "CMCI\CMCI.csproj", "{67482CAC-584E-403A-91B8-200B94FBE4D6}"
EndProject
Project("{FAE04EC0-301F-11D3-BF4B-00C04F79EFBC}") = "CMCI.Tests", "CMCI.Tests\CMCI.Tests.csproj", "{5F43B0E0-66A5-4AA4-A608-599CE335B5F0}"
EndProject
Global
	GlobalSection(SolutionConfigurationPlatforms) = preSolution
		Debug|Any CPU = Debug|Any CPU
		Release|Any CPU = Release|Any CPU
	EndGlobalSection
	GlobalSection(ProjectConfigurationPlatforms) = postSolution
		{67482CAC-584E-403A-91B8-200B94FBE4D6}.Debug|Any CPU.ActiveCfg = Debug|Any CPU
		{67482CAC-584E-403A-91B8-200B94FBE4D6}.Debug|Any CPU.Build.0 = Debug|Any CPU
		{67482CAC-584E-403A-91B8-200B94FBE4D6}.Release|Any CPU.ActiveCfg = Release|Any CPU
		{67482CAC-584E-403A-91B8-200B94FBE4D6}.Release|Any CPU.Build.0 = Release|Any CPU
		{5F43B0E0-66A5-4AA4-A608-599CE335B5F0}.Debug|Any CPU.ActiveCfg = Debug|Any CPU
		{5F43B0E0-66A5-4AA4-A608-599CE335B5F0}.Debug|Any CPU.Build.0 = Debug|Any CPU
		{5F43B0E0-66A5-4AA4-A608-599CE335B5F0}.Release|Any CPU.ActiveCfg = Release|Any CPU
		{5F43B0E0-66A5-4AA4-A608-599CE335B5F0}.Release|Any CPU.Build.0 = Release|Any CPU
	EndGlobalSection
	GlobalSection(SolutionProperties) = preSolution
		HideSolutionNode = FALSE
	EndGlobalSection
	GlobalSection(ExtensibilityGlobals) = postSolution
		SolutionGuid = {ED0A0371-5059-4BF5-BB8D-439D08BF45FD}
	EndGlobalSection
EndGlobal
